
Microsoft Visual Studio Solution File, Format Version 12.00
# Visual Studio Version 17
VisualStudioVersion = 17.7.34003.232
MinimumVisualStudioVersion = 10.0.40219.1
Project("{9A19103F-16F7-4668-BE54-9A1E7A4F7556}") = "DPWorld.API", "DPWorld.API\DPWorld.API.csproj", "{0A774F10-F434-4A0B-A405-9DD7CB5710D1}"
EndProject
Project("{FAE04EC0-301F-11D3-BF4B-00C04F79EFBC}") = "Core", "Core\Core.csproj", "{565B9B6B-8FC1-4867-89DB-73E7B679B106}"
EndProject
Global
	GlobalSection(SolutionConfigurationPlatforms) = preSolution
		Debug|Any CPU = Debug|Any CPU
		Release|Any CPU = Release|Any CPU
	EndGlobalSection
	GlobalSection(ProjectConfigurationPlatforms) = postSolution
		{0A774F10-F434-4A0B-A405-9DD7CB5710D1}.Debug|Any CPU.ActiveCfg = Debug|Any CPU
		{0A774F10-F434-4A0B-A405-9DD7CB5710D1}.Debug|Any CPU.Build.0 = Debug|Any CPU
		{0A774F10-F434-4A0B-A405-9DD7CB5710D1}.Release|Any CPU.ActiveCfg = Release|Any CPU
		{0A774F10-F434-4A0B-A405-9DD7CB5710D1}.Release|Any CPU.Build.0 = Release|Any CPU
		{565B9B6B-8FC1-4867-89DB-73E7B679B106}.Debug|Any CPU.ActiveCfg = Debug|Any CPU
		{565B9B6B-8FC1-4867-89DB-73E7B679B106}.Debug|Any CPU.Build.0 = Debug|Any CPU
		{565B9B6B-8FC1-4867-89DB-73E7B679B106}.Release|Any CPU.ActiveCfg = Release|Any CPU
		{565B9B6B-8FC1-4867-89DB-73E7B679B106}.Release|Any CPU.Build.0 = Release|Any CPU
	EndGlobalSection
	GlobalSection(SolutionProperties) = preSolution
		HideSolutionNode = FALSE
	EndGlobalSection
	GlobalSection(ExtensibilityGlobals) = postSolution
		SolutionGuid = {B61E9A0F-5A59-470E-A4FF-16A20914D29B}
	EndGlobalSection
EndGlobal
